
Microsoft Visual Studio Solution File, Format Version 12.00
# Visual Studio 15
VisualStudioVersion = 15.0.28307.489
MinimumVisualStudioVersion = 10.0.40219.1
Project("{FAE04EC0-301F-11D3-BF4B-00C04F79EFBC}") = "CloudUPDemo", "CloudUPDemo\CloudUPDemo.csproj", "{237DBCC9-B938-4EE0-B34D-8C8D4DC08D91}"
EndProject
Global
	GlobalSection(SolutionConfigurationPlatforms) = preSolution
		Debug|Any CPU = Debug|Any CPU
		Release|Any CPU = Release|Any CPU
	EndGlobalSection
	GlobalSection(ProjectConfigurationPlatforms) = postSolution
		{237DBCC9-B938-4EE0-B34D-8C8D4DC08D91}.Debug|Any CPU.ActiveCfg = Debug|Any CPU
		{237DBCC9-B938-4EE0-B34D-8C8D4DC08D91}.Debug|Any CPU.Build.0 = Debug|Any CPU
		{237DBCC9-B938-4EE0-B34D-8C8D4DC08D91}.Release|Any CPU.ActiveCfg = Release|Any CPU
		{237DBCC9-B938-4EE0-B34D-8C8D4DC08D91}.Release|Any CPU.Build.0 = Release|Any CPU
	EndGlobalSection
	GlobalSection(SolutionProperties) = preSolution
		HideSolutionNode = FALSE
	EndGlobalSection
	GlobalSection(ExtensibilityGlobals) = postSolution
		SolutionGuid = {A0B8133C-C098-4B7C-A925-B3D2B82A5299}
	EndGlobalSection
EndGlobal
